// !$*UTF8*$!
{
	archiveVersion = 1;
	classes = {
	};
	objectVersion = 48;
	objects = {

/* Begin PBXBuildFile section */
		0C3B91F718E0A74500403D28 /* mana_register.c in Sources */ = {isa = PBXBuildFile; fileRef = 0C3B91F518E0A74500403D28 /* mana_register.c */; };
		0C75077C1E099340007C03AA /* libmana.a in Frameworks */ = {isa = PBXBuildFile; fileRef = 0C75077B1E09932D007C03AA /* libmana.a */; };
		0C8547130FDAA18100AC3F74 /* mana_datalink_generator.c in Sources */ = {isa = PBXBuildFile; fileRef = 0C8547110FDAA18100AC3F74 /* mana_datalink_generator.c */; };
		0CF427000FD6D0E60005C780 /* mana_code.c in Sources */ = {isa = PBXBuildFile; fileRef = 0CF426E60FD6D0E60005C780 /* mana_code.c */; };
		0CF427010FD6D0E60005C780 /* mana_data.c in Sources */ = {isa = PBXBuildFile; fileRef = 0CF426E80FD6D0E60005C780 /* mana_data.c */; };
		0CF427040FD6D0E60005C780 /* mana_jump.c in Sources */ = {isa = PBXBuildFile; fileRef = 0CF426EE0FD6D0E60005C780 /* mana_jump.c */; };
		0CF427050FD6D0E60005C780 /* mana_lexer.l in Sources */ = {isa = PBXBuildFile; fileRef = 0CF426F00FD6D0E60005C780 /* mana_lexer.l */; };
		0CF427060FD6D0E60005C780 /* mana_linker.c in Sources */ = {isa = PBXBuildFile; fileRef = 0CF426F10FD6D0E60005C780 /* mana_linker.c */; };
		0CF427070FD6D0E60005C780 /* mana_main.c in Sources */ = {isa = PBXBuildFile; fileRef = 0CF426F30FD6D0E60005C780 /* mana_main.c */; };
		0CF427080FD6D0E60005C780 /* mana_node.c in Sources */ = {isa = PBXBuildFile; fileRef = 0CF426F50FD6D0E60005C780 /* mana_node.c */; };
		0CF427090FD6D0E60005C780 /* mana_parser.y in Sources */ = {isa = PBXBuildFile; fileRef = 0CF426F70FD6D0E60005C780 /* mana_parser.y */; };
		0CF4270A0FD6D0E60005C780 /* mana_pool.c in Sources */ = {isa = PBXBuildFile; fileRef = 0CF426F80FD6D0E60005C780 /* mana_pool.c */; };
		0CF4270B0FD6D0E60005C780 /* mana_symbol.c in Sources */ = {isa = PBXBuildFile; fileRef = 0CF426FA0FD6D0E60005C780 /* mana_symbol.c */; };
		0CF4270C0FD6D0E60005C780 /* mana_type.c in Sources */ = {isa = PBXBuildFile; fileRef = 0CF426FC0FD6D0E60005C780 /* mana_type.c */; };
/* End PBXBuildFile section */

/* Begin PBXContainerItemProxy section */
		0C75077A1E09932D007C03AA /* PBXContainerItemProxy */ = {
			isa = PBXContainerItemProxy;
			containerPortal = 0C7507761E09932D007C03AA /* libmana.xcodeproj */;
			proxyType = 2;
			remoteGlobalIDString = D2AAC046055464E500DB518D;
			remoteInfo = mana;
		};
/* End PBXContainerItemProxy section */

/* Begin PBXCopyFilesBuildPhase section */
		8DD76FAF0486AB0100D96B5E /* CopyFiles */ = {
			isa = PBXCopyFilesBuildPhase;
			buildActionMask = 8;
			dstPath = /usr/share/man/man1/;
			dstSubfolderSpec = 0;
			files = (
			);
			runOnlyForDeploymentPostprocessing = 1;
		};
/* End PBXCopyFilesBuildPhase section */

/* Begin PBXFileReference section */
		0C3B91F518E0A74500403D28 /* mana_register.c */ = {isa = PBXFileReference; fileEncoding = 2147486209; lastKnownFileType = sourcecode.c.c; path = mana_register.c; sourceTree = "<group>"; };
		0C3B91F618E0A74500403D28 /* mana_register.h */ = {isa = PBXFileReference; fileEncoding = 2147486209; lastKnownFileType = sourcecode.c.h; path = mana_register.h; sourceTree = "<group>"; };
		0C7507761E09932D007C03AA /* libmana.xcodeproj */ = {isa = PBXFileReference; lastKnownFileType = "wrapper.pb-project"; name = libmana.xcodeproj; path = ../library/libmana.xcodeproj; sourceTree = "<group>"; };
		0C75077D1E09941F007C03AA /* mana_version.h */ = {isa = PBXFileReference; fileEncoding = 8; lastKnownFileType = sourcecode.c.h; lineEnding = 2; path = mana_version.h; sourceTree = "<group>"; };
		0C8547110FDAA18100AC3F74 /* mana_datalink_generator.c */ = {isa = PBXFileReference; fileEncoding = 2147486209; lastKnownFileType = sourcecode.c.c; path = mana_datalink_generator.c; sourceTree = "<group>"; };
		0C8547120FDAA18100AC3F74 /* mana_datalink_generator.h */ = {isa = PBXFileReference; fileEncoding = 2147486209; lastKnownFileType = sourcecode.c.h; path = mana_datalink_generator.h; sourceTree = "<group>"; };
		0CF426E60FD6D0E60005C780 /* mana_code.c */ = {isa = PBXFileReference; fileEncoding = 2147486209; lastKnownFileType = sourcecode.c.c; path = mana_code.c; sourceTree = "<group>"; };
		0CF426E70FD6D0E60005C780 /* mana_code.h */ = {isa = PBXFileReference; fileEncoding = 2147486209; lastKnownFileType = sourcecode.c.h; path = mana_code.h; sourceTree = "<group>"; };
		0CF426E80FD6D0E60005C780 /* mana_data.c */ = {isa = PBXFileReference; fileEncoding = 2147486209; lastKnownFileType = sourcecode.c.c; path = mana_data.c; sourceTree = "<group>"; };
		0CF426E90FD6D0E60005C780 /* mana_data.h */ = {isa = PBXFileReference; fileEncoding = 2147486209; lastKnownFileType = sourcecode.c.h; path = mana_data.h; sourceTree = "<group>"; };
		0CF426EE0FD6D0E60005C780 /* mana_jump.c */ = {isa = PBXFileReference; fileEncoding = 2147486209; lastKnownFileType = sourcecode.c.c; path = mana_jump.c; sourceTree = "<group>"; };
		0CF426EF0FD6D0E60005C780 /* mana_jump.h */ = {isa = PBXFileReference; fileEncoding = 2147486209; lastKnownFileType = sourcecode.c.h; path = mana_jump.h; sourceTree = "<group>"; };
		0CF426F00FD6D0E60005C780 /* mana_lexer.l */ = {isa = PBXFileReference; fileEncoding = 2147486209; lastKnownFileType = sourcecode.lex; path = mana_lexer.l; sourceTree = "<group>"; };
		0CF426F10FD6D0E60005C780 /* mana_linker.c */ = {isa = PBXFileReference; fileEncoding = 2147486209; lastKnownFileType = sourcecode.c.c; path = mana_linker.c; sourceTree = "<group>"; };
		0CF426F20FD6D0E60005C780 /* mana_linker.h */ = {isa = PBXFileReference; fileEncoding = 2147486209; lastKnownFileType = sourcecode.c.h; path = mana_linker.h; sourceTree = "<group>"; };
		0CF426F30FD6D0E60005C780 /* mana_main.c */ = {isa = PBXFileReference; fileEncoding = 2147486209; lastKnownFileType = sourcecode.c.c; path = mana_main.c; sourceTree = "<group>"; };
		0CF426F40FD6D0E60005C780 /* mana_main.h */ = {isa = PBXFileReference; fileEncoding = 2147486209; lastKnownFileType = sourcecode.c.h; path = mana_main.h; sourceTree = "<group>"; };
		0CF426F50FD6D0E60005C780 /* mana_node.c */ = {isa = PBXFileReference; fileEncoding = 2147486209; lastKnownFileType = sourcecode.c.c; path = mana_node.c; sourceTree = "<group>"; };
		0CF426F60FD6D0E60005C780 /* mana_node.h */ = {isa = PBXFileReference; fileEncoding = 2147486209; lastKnownFileType = sourcecode.c.h; path = mana_node.h; sourceTree = "<group>"; };
		0CF426F70FD6D0E60005C780 /* mana_parser.y */ = {isa = PBXFileReference; fileEncoding = 2147486209; lastKnownFileType = sourcecode.yacc; path = mana_parser.y; sourceTree = "<group>"; };
		0CF426F80FD6D0E60005C780 /* mana_pool.c */ = {isa = PBXFileReference; fileEncoding = 2147486209; lastKnownFileType = sourcecode.c.c; path = mana_pool.c; sourceTree = "<group>"; };
		0CF426F90FD6D0E60005C780 /* mana_pool.h */ = {isa = PBXFileReference; fileEncoding = 2147486209; lastKnownFileType = sourcecode.c.h; path = mana_pool.h; sourceTree = "<group>"; };
		0CF426FA0FD6D0E60005C780 /* mana_symbol.c */ = {isa = PBXFileReference; fileEncoding = 2147486209; lastKnownFileType = sourcecode.c.c; path = mana_symbol.c; sourceTree = "<group>"; };
		0CF426FB0FD6D0E60005C780 /* mana_symbol.h */ = {isa = PBXFileReference; fileEncoding = 2147486209; lastKnownFileType = sourcecode.c.h; path = mana_symbol.h; sourceTree = "<group>"; };
		0CF426FC0FD6D0E60005C780 /* mana_type.c */ = {isa = PBXFileReference; fileEncoding = 2147486209; lastKnownFileType = sourcecode.c.c; path = mana_type.c; sourceTree = "<group>"; };
		0CF426FD0FD6D0E60005C780 /* mana_type.h */ = {isa = PBXFileReference; fileEncoding = 2147486209; lastKnownFileType = sourcecode.c.h; path = mana_type.h; sourceTree = "<group>"; };
		8DD76FB20486AB0100D96B5E /* mana */ = {isa = PBXFileReference; explicitFileType = "compiled.mach-o.executable"; includeInIndex = 0; path = mana; sourceTree = BUILT_PRODUCTS_DIR; };
/* End PBXFileReference section */

/* Begin PBXFrameworksBuildPhase section */
		8DD76FAD0486AB0100D96B5E /* Frameworks */ = {
			isa = PBXFrameworksBuildPhase;
			buildActionMask = 2147483647;
			files = (
				0C75077C1E099340007C03AA /* libmana.a in Frameworks */,
			);
			runOnlyForDeploymentPostprocessing = 0;
		};
/* End PBXFrameworksBuildPhase section */

/* Begin PBXGroup section */
		08FB7794FE84155DC02AAC07 /* mana */ = {
			isa = PBXGroup;
			children = (
				0C7507761E09932D007C03AA /* libmana.xcodeproj */,
				08FB7795FE84155DC02AAC07 /* Source */,
				1AB674ADFE9D54B511CA2CBB /* Products */,
			);
			name = mana;
			sourceTree = "<group>";
		};
		08FB7795FE84155DC02AAC07 /* Source */ = {
			isa = PBXGroup;
			children = (
				0CF426E60FD6D0E60005C780 /* mana_code.c */,
				0CF426E70FD6D0E60005C780 /* mana_code.h */,
				0CF426E80FD6D0E60005C780 /* mana_data.c */,
				0CF426E90FD6D0E60005C780 /* mana_data.h */,
				0C8547110FDAA18100AC3F74 /* mana_datalink_generator.c */,
				0C8547120FDAA18100AC3F74 /* mana_datalink_generator.h */,
				0CF426EE0FD6D0E60005C780 /* mana_jump.c */,
				0CF426EF0FD6D0E60005C780 /* mana_jump.h */,
				0CF426F00FD6D0E60005C780 /* mana_lexer.l */,
				0CF426F10FD6D0E60005C780 /* mana_linker.c */,
				0CF426F20FD6D0E60005C780 /* mana_linker.h */,
				0CF426F30FD6D0E60005C780 /* mana_main.c */,
				0CF426F40FD6D0E60005C780 /* mana_main.h */,
				0CF426F50FD6D0E60005C780 /* mana_node.c */,
				0CF426F60FD6D0E60005C780 /* mana_node.h */,
				0CF426F70FD6D0E60005C780 /* mana_parser.y */,
				0CF426F80FD6D0E60005C780 /* mana_pool.c */,
				0CF426F90FD6D0E60005C780 /* mana_pool.h */,
				0C3B91F518E0A74500403D28 /* mana_register.c */,
				0C3B91F618E0A74500403D28 /* mana_register.h */,
				0CF426FA0FD6D0E60005C780 /* mana_symbol.c */,
				0CF426FB0FD6D0E60005C780 /* mana_symbol.h */,
				0CF426FC0FD6D0E60005C780 /* mana_type.c */,
				0CF426FD0FD6D0E60005C780 /* mana_type.h */,
				0C75077D1E09941F007C03AA /* mana_version.h */,
			);
			name = Source;
			sourceTree = "<group>";
		};
		0C7507771E09932D007C03AA /* Products */ = {
			isa = PBXGroup;
			children = (
				0C75077B1E09932D007C03AA /* libmana.a */,
			);
			name = Products;
			sourceTree = "<group>";
		};
		1AB674ADFE9D54B511CA2CBB /* Products */ = {
			isa = PBXGroup;
			children = (
				8DD76FB20486AB0100D96B5E /* mana */,
			);
			name = Products;
			sourceTree = "<group>";
		};
/* End PBXGroup section */

/* Begin PBXNativeTarget section */
		8DD76FA90486AB0100D96B5E /* mana */ = {
			isa = PBXNativeTarget;
			buildConfigurationList = 1DEB928508733DD80010E9CD /* Build configuration list for PBXNativeTarget "mana" */;
			buildPhases = (
				8DD76FAB0486AB0100D96B5E /* Sources */,
				8DD76FAD0486AB0100D96B5E /* Frameworks */,
				8DD76FAF0486AB0100D96B5E /* CopyFiles */,
			);
			buildRules = (
			);
			dependencies = (
			);
			name = mana;
			productInstallPath = "$(HOME)/bin";
			productName = mana;
			productReference = 8DD76FB20486AB0100D96B5E /* mana */;
			productType = "com.apple.product-type.tool";
		};
/* End PBXNativeTarget section */

/* Begin PBXProject section */
		08FB7793FE84155DC02AAC07 /* Project object */ = {
			isa = PBXProject;
			attributes = {
				LastUpgradeCheck = 0510;
			};
			buildConfigurationList = 1DEB928908733DD80010E9CD /* Build configuration list for PBXProject "mana" */;
			compatibilityVersion = "Xcode 8.0";
			developmentRegion = English;
			hasScannedForEncodings = 1;
			knownRegions = (
				en,
			);
			mainGroup = 08FB7794FE84155DC02AAC07 /* mana */;
			projectDirPath = "";
			projectReferences = (
				{
					ProductGroup = 0C7507771E09932D007C03AA /* Products */;
					ProjectRef = 0C7507761E09932D007C03AA /* libmana.xcodeproj */;
				},
			);
			projectRoot = "";
			targets = (
				8DD76FA90486AB0100D96B5E /* mana */,
			);
		};
/* End PBXProject section */

/* Begin PBXReferenceProxy section */
		0C75077B1E09932D007C03AA /* libmana.a */ = {
			isa = PBXReferenceProxy;
			fileType = archive.ar;
			path = libmana.a;
			remoteRef = 0C75077A1E09932D007C03AA /* PBXContainerItemProxy */;
			sourceTree = BUILT_PRODUCTS_DIR;
		};
/* End PBXReferenceProxy section */

/* Begin PBXSourcesBuildPhase section */
		8DD76FAB0486AB0100D96B5E /* Sources */ = {
			isa = PBXSourcesBuildPhase;
			buildActionMask = 2147483647;
			files = (
				0CF427000FD6D0E60005C780 /* mana_code.c in Sources */,
				0CF427010FD6D0E60005C780 /* mana_data.c in Sources */,
				0CF427040FD6D0E60005C780 /* mana_jump.c in Sources */,
				0CF427050FD6D0E60005C780 /* mana_lexer.l in Sources */,
				0CF427060FD6D0E60005C780 /* mana_linker.c in Sources */,
				0CF427070FD6D0E60005C780 /* mana_main.c in Sources */,
				0CF427080FD6D0E60005C780 /* mana_node.c in Sources */,
				0CF427090FD6D0E60005C780 /* mana_parser.y in Sources */,
				0CF4270A0FD6D0E60005C780 /* mana_pool.c in Sources */,
				0CF4270B0FD6D0E60005C780 /* mana_symbol.c in Sources */,
				0CF4270C0FD6D0E60005C780 /* mana_type.c in Sources */,
				0C3B91F718E0A74500403D28 /* mana_register.c in Sources */,
				0C8547130FDAA18100AC3F74 /* mana_datalink_generator.c in Sources */,
			);
			runOnlyForDeploymentPostprocessing = 0;
		};
/* End PBXSourcesBuildPhase section */

/* Begin XCBuildConfiguration section */
		1DEB928608733DD80010E9CD /* Debug */ = {
			isa = XCBuildConfiguration;
			buildSettings = {
				ARCHS = "$(ARCHS_STANDARD_32_BIT)";
				GCC_ENABLE_FIX_AND_CONTINUE = YES;
				PRODUCT_NAME = mana;
			};
			name = Debug;
		};
		1DEB928708733DD80010E9CD /* Release */ = {
			isa = XCBuildConfiguration;
			buildSettings = {
				ARCHS = "$(ARCHS_STANDARD_32_BIT)";
				PRODUCT_NAME = mana;
			};
			name = Release;
		};
		1DEB928A08733DD80010E9CD /* Debug */ = {
			isa = XCBuildConfiguration;
			buildSettings = {
				LEXFLAGS = "-8";
				USER_HEADER_SEARCH_PATHS = ../library;
				YACCFLAGS = "-d -k";
			};
			name = Debug;
		};
		1DEB928B08733DD80010E9CD /* Release */ = {
			isa = XCBuildConfiguration;
			buildSettings = {
				GCC_PREPROCESSOR_DEFINITIONS = NDEBUG;
				LEXFLAGS = "-8";
				USER_HEADER_SEARCH_PATHS = ../library;
				YACCFLAGS = "-d -k";
			};
			name = Release;
		};
/* End XCBuildConfiguration section */

/* Begin XCConfigurationList section */
		1DEB928508733DD80010E9CD /* Build configuration list for PBXNativeTarget "mana" */ = {
			isa = XCConfigurationList;
			buildConfigurations = (
				1DEB928608733DD80010E9CD /* Debug */,
				1DEB928708733DD80010E9CD /* Release */,
			);
			defaultConfigurationIsVisible = 0;
			defaultConfigurationName = Debug;
		};
		1DEB928908733DD80010E9CD /* Build configuration list for PBXProject "mana" */ = {
			isa = XCConfigurationList;
			buildConfigurations = (
				1DEB928A08733DD80010E9CD /* Debug */,
				1DEB928B08733DD80010E9CD /* Release */,
			);
			defaultConfigurationIsVisible = 0;
			defaultConfigurationName = Debug;
		};
/* End XCConfigurationList section */
	};
	rootObject = 08FB7793FE84155DC02AAC07 /* Project object */;
}
