
Microsoft Visual Studio Solution File, Format Version 12.00
# Visual Studio 14
VisualStudioVersion = 14.0.25420.1
MinimumVisualStudioVersion = 10.0.40219.1
Project("{8BC9CEB8-8B4A-11D0-8D11-00A0C91BC942}") = "mana", "driver\mana.vcxproj", "{B50EF429-D756-4CAC-8B79-9757BDAF66D3}"
EndProject
Project("{8BC9CEB8-8B4A-11D0-8D11-00A0C91BC942}") = "manac", "compiler\manac.vcxproj", "{7C1A9F84-2B65-4E0C-9D3A-1F6E5B0C4A21}"
EndProject
Project("{8BC9CEB8-8B4A-11D0-8D11-00A0C91BC942}") = "EmbeddingTest", "test\cpp\EmbeddingTest.vcxproj", "{3F2C8A17-5E64-4B92-A0D1-7C8B5E934F60}"
EndProject
Project("{8BC9CEB8-8B4A-11D0-8D11-00A0C91BC942}") = "ProgramImageTest", "test\cpp\ProgramImageTest.vcxproj", "{9B4D6C20-18AF-4E75-8D31-2A6F0C7B41E5}"
EndProject
Global
	GlobalSection(SolutionConfigurationPlatforms) = preSolution
		Debug|Win32 = Debug|Win32
		Debug|x64 = Debug|x64
		Release|Win32 = Release|Win32
		Release|x64 = Release|x64
	EndGlobalSection
	GlobalSection(ProjectConfigurationPlatforms) = postSolution
		{B50EF429-D756-4CAC-8B79-9757BDAF66D3}.Debug|Win32.ActiveCfg = Debug|Win32
		{B50EF429-D756-4CAC-8B79-9757BDAF66D3}.Debug|Win32.Build.0 = Debug|Win32
		{B50EF429-D756-4CAC-8B79-9757BDAF66D3}.Debug|x64.ActiveCfg = Debug|x64
		{B50EF429-D756-4CAC-8B79-9757BDAF66D3}.Debug|x64.Build.0 = Debug|x64
		{B50EF429-D756-4CAC-8B79-9757BDAF66D3}.Release|Win32.ActiveCfg = Release|Win32
		{B50EF429-D756-4CAC-8B79-9757BDAF66D3}.Release|Win32.Build.0 = Release|Win32
		{B50EF429-D756-4CAC-8B79-9757BDAF66D3}.Release|x64.ActiveCfg = Release|x64
		{B50EF429-D756-4CAC-8B79-9757BDAF66D3}.Release|x64.Build.0 = Release|x64
		{7C1A9F84-2B65-4E0C-9D3A-1F6E5B0C4A21}.Debug|Win32.ActiveCfg = Debug|Win32
		{7C1A9F84-2B65-4E0C-9D3A-1F6E5B0C4A21}.Debug|Win32.Build.0 = Debug|Win32
		{7C1A9F84-2B65-4E0C-9D3A-1F6E5B0C4A21}.Debug|x64.ActiveCfg = Debug|x64
		{7C1A9F84-2B65-4E0C-9D3A-1F6E5B0C4A21}.Debug|x64.Build.0 = Debug|x64
		{7C1A9F84-2B65-4E0C-9D3A-1F6E5B0C4A21}.Release|Win32.ActiveCfg = Release|Win32
		{7C1A9F84-2B65-4E0C-9D3A-1F6E5B0C4A21}.Release|Win32.Build.0 = Release|Win32
		{7C1A9F84-2B65-4E0C-9D3A-1F6E5B0C4A21}.Release|x64.ActiveCfg = Release|x64
		{7C1A9F84-2B65-4E0C-9D3A-1F6E5B0C4A21}.Release|x64.Build.0 = Release|x64
		{3F2C8A17-5E64-4B92-A0D1-7C8B5E934F60}.Debug|Win32.ActiveCfg = Debug|Win32
		{3F2C8A17-5E64-4B92-A0D1-7C8B5E934F60}.Debug|Win32.Build.0 = Debug|Win32
		{3F2C8A17-5E64-4B92-A0D1-7C8B5E934F60}.Debug|x64.ActiveCfg = Debug|x64
		{3F2C8A17-5E64-4B92-A0D1-7C8B5E934F60}.Debug|x64.Build.0 = Debug|x64
		{3F2C8A17-5E64-4B92-A0D1-7C8B5E934F60}.Release|Win32.ActiveCfg = Release|Win32
		{3F2C8A17-5E64-4B92-A0D1-7C8B5E934F60}.Release|Win32.Build.0 = Release|Win32
		{3F2C8A17-5E64-4B92-A0D1-7C8B5E934F60}.Release|x64.ActiveCfg = Release|x64
		{3F2C8A17-5E64-4B92-A0D1-7C8B5E934F60}.Release|x64.Build.0 = Release|x64
		{9B4D6C20-18AF-4E75-8D31-2A6F0C7B41E5}.Debug|Win32.ActiveCfg = Debug|Win32
		{9B4D6C20-18AF-4E75-8D31-2A6F0C7B41E5}.Debug|Win32.Build.0 = Debug|Win32
		{9B4D6C20-18AF-4E75-8D31-2A6F0C7B41E5}.Debug|x64.ActiveCfg = Debug|x64
		{9B4D6C20-18AF-4E75-8D31-2A6F0C7B41E5}.Debug|x64.Build.0 = Debug|x64
		{9B4D6C20-18AF-4E75-8D31-2A6F0C7B41E5}.Release|Win32.ActiveCfg = Release|Win32
		{9B4D6C20-18AF-4E75-8D31-2A6F0C7B41E5}.Release|Win32.Build.0 = Release|Win32
		{9B4D6C20-18AF-4E75-8D31-2A6F0C7B41E5}.Release|x64.ActiveCfg = Release|x64
		{9B4D6C20-18AF-4E75-8D31-2A6F0C7B41E5}.Release|x64.Build.0 = Release|x64
	EndGlobalSection
	GlobalSection(SolutionProperties) = preSolution
		HideSolutionNode = FALSE
	EndGlobalSection
EndGlobal
