<?xml version="1.0" encoding="utf-8"?>
<Project ToolsVersion="4.0" xmlns="http://schemas.microsoft.com/developer/msbuild/2003">
  <ItemGroup>
    <CustomBuild Include="parser.y" />
    <CustomBuild Include="lexer.l" />
  </ItemGroup>
  <ItemGroup>
    <None Include="..\sample\sample.mn">
      <Filter>sample</Filter>
    </None>
    <None Include="..\sample\sample_actor.mn">
      <Filter>sample</Filter>
    </None>
    <None Include="..\sample\sample_const.mn">
      <Filter>sample</Filter>
    </None>
    <None Include="..\sample\sample_function.mn">
      <Filter>sample</Filter>
    </None>
    <None Include="..\sample\sample_struct.mn">
      <Filter>sample</Filter>
    </None>
    <None Include="..\sample\sample_variable.mn">
      <Filter>sample</Filter>
    </None>
    <None Include="version.json" />
    <None Include="version.rb" />
  </ItemGroup>
  <ItemGroup>
    <Filter Include="sample">
      <UniqueIdentifier>{5a2e2d75-6317-49c2-8204-c5eb801d81ad}</UniqueIdentifier>
    </Filter>
  </ItemGroup>
  <ItemGroup>
    <Text Include="..\sample\sample.log">
      <Filter>sample</Filter>
    </Text>
  </ItemGroup>
  <ItemGroup>
    <ClCompile Include="code.c" />
    <ClCompile Include="data.c" />
    <ClCompile Include="datalink_generator.c" />
    <ClCompile Include="generator.c" />
    <ClCompile Include="jump.c" />
    <ClCompile Include="linker.c" />
    <ClCompile Include="main.c" />
    <ClCompile Include="node.c" />
    <ClCompile Include="pool.c" />
    <ClCompile Include="post_resolver.c" />
    <ClCompile Include="pre_resolver.c" />
    <ClCompile Include="register.c" />
    <ClCompile Include="resolver.c" />
    <ClCompile Include="symbol.c" />
    <ClCompile Include="type.c" />
    <ClCompile Include="lexer.c" />
    <ClCompile Include="parser.c" />
    <ClCompile Include="error.c" />
  </ItemGroup>
  <ItemGroup>
    <ClInclude Include="code.h" />
    <ClInclude Include="data.h" />
    <ClInclude Include="datalink_generator.h" />
    <ClInclude Include="generator.h" />
    <ClInclude Include="jump.h" />
    <ClInclude Include="linker.h" />
    <ClInclude Include="main.h" />
    <ClInclude Include="node.h" />
    <ClInclude Include="pool.h" />
    <ClInclude Include="post_resolver.h" />
    <ClInclude Include="pre_resolver.h" />
    <ClInclude Include="register.h" />
    <ClInclude Include="resolver.h" />
    <ClInclude Include="symbol.h" />
    <ClInclude Include="type.h" />
    <ClInclude Include="version.h" />
    <ClInclude Include="parser.h" />
    <ClInclude Include="error.h" />
    <ClInclude Include="lexer.h" />
  </ItemGroup>
</Project>