// !$*UTF8*$!
{
	archiveVersion = 1;
	classes = {
	};
	objectVersion = 45;
	objects = {

/* Begin PBXBuildFile section */
		0C6AD4400FD820FC001A95E7 /* manarunner.cpp in Sources */ = {isa = PBXBuildFile; fileRef = 0C6AD43E0FD820FC001A95E7 /* manarunner.cpp */; };
		0C6AD4540FD82154001A95E7 /* GLUT.framework in Frameworks */ = {isa = PBXBuildFile; fileRef = 0C6AD4520FD82154001A95E7 /* GLUT.framework */; };
		0C6AD4550FD82154001A95E7 /* OpenGL.framework in Frameworks */ = {isa = PBXBuildFile; fileRef = 0C6AD4530FD82154001A95E7 /* OpenGL.framework */; };
		0C6AD49A0FD8250A001A95E7 /* libmana.a in Frameworks */ = {isa = PBXBuildFile; fileRef = 0C6AD4980FD824E4001A95E7 /* libmana.a */; };
/* End PBXBuildFile section */

/* Begin PBXContainerItemProxy section */
		0C6AD4970FD824E4001A95E7 /* PBXContainerItemProxy */ = {
			isa = PBXContainerItemProxy;
			containerPortal = 0C6AD4900FD824E4001A95E7 /* libmana.xcodeproj */;
			proxyType = 2;
			remoteGlobalIDString = D2AAC046055464E500DB518D;
			remoteInfo = mana;
		};
		0C6AD49C0FD82547001A95E7 /* PBXContainerItemProxy */ = {
			isa = PBXContainerItemProxy;
			containerPortal = 0C6AD4900FD824E4001A95E7 /* libmana.xcodeproj */;
			proxyType = 1;
			remoteGlobalIDString = D2AAC045055464E500DB518D;
			remoteInfo = mana;
		};
/* End PBXContainerItemProxy section */

/* Begin PBXCopyFilesBuildPhase section */
		8DD76FAF0486AB0100D96B5E /* CopyFiles */ = {
			isa = PBXCopyFilesBuildPhase;
			buildActionMask = 8;
			dstPath = /usr/share/man/man1/;
			dstSubfolderSpec = 0;
			files = (
			);
			runOnlyForDeploymentPostprocessing = 1;
		};
/* End PBXCopyFilesBuildPhase section */

/* Begin PBXFileReference section */
		0C6AD43E0FD820FC001A95E7 /* manarunner.cpp */ = {isa = PBXFileReference; fileEncoding = 2147486209; lastKnownFileType = sourcecode.cpp.cpp; path = manarunner.cpp; sourceTree = "<group>"; };
		0C6AD43F0FD820FC001A95E7 /* manarunner.h */ = {isa = PBXFileReference; fileEncoding = 2147486209; lastKnownFileType = sourcecode.c.h; path = manarunner.h; sourceTree = "<group>"; };
		0C6AD4520FD82154001A95E7 /* GLUT.framework */ = {isa = PBXFileReference; lastKnownFileType = wrapper.framework; name = GLUT.framework; path = /System/Library/Frameworks/GLUT.framework; sourceTree = "<absolute>"; };
		0C6AD4530FD82154001A95E7 /* OpenGL.framework */ = {isa = PBXFileReference; lastKnownFileType = wrapper.framework; name = OpenGL.framework; path = /System/Library/Frameworks/OpenGL.framework; sourceTree = "<absolute>"; };
		0C6AD4900FD824E4001A95E7 /* libmana.xcodeproj */ = {isa = PBXFileReference; lastKnownFileType = "wrapper.pb-project"; name = libmana.xcodeproj; path = ../../library/libmana.xcodeproj; sourceTree = SOURCE_ROOT; };
		8DD76FB20486AB0100D96B5E /* manarunner */ = {isa = PBXFileReference; explicitFileType = "compiled.mach-o.executable"; includeInIndex = 0; path = manarunner; sourceTree = BUILT_PRODUCTS_DIR; };
/* End PBXFileReference section */

/* Begin PBXFrameworksBuildPhase section */
		8DD76FAD0486AB0100D96B5E /* Frameworks */ = {
			isa = PBXFrameworksBuildPhase;
			buildActionMask = 2147483647;
			files = (
				0C6AD49A0FD8250A001A95E7 /* libmana.a in Frameworks */,
				0C6AD4540FD82154001A95E7 /* GLUT.framework in Frameworks */,
				0C6AD4550FD82154001A95E7 /* OpenGL.framework in Frameworks */,
			);
			runOnlyForDeploymentPostprocessing = 0;
		};
/* End PBXFrameworksBuildPhase section */

/* Begin PBXGroup section */
		08FB7794FE84155DC02AAC07 /* manarunner */ = {
			isa = PBXGroup;
			children = (
				0C6AD4900FD824E4001A95E7 /* libmana.xcodeproj */,
				08FB7795FE84155DC02AAC07 /* Source */,
				0C6AD46A0FD82450001A95E7 /* Framework */,
				C6A0FF2B0290797F04C91782 /* Documentation */,
				1AB674ADFE9D54B511CA2CBB /* Products */,
			);
			name = manarunner;
			sourceTree = "<group>";
		};
		08FB7795FE84155DC02AAC07 /* Source */ = {
			isa = PBXGroup;
			children = (
				0C6AD43E0FD820FC001A95E7 /* manarunner.cpp */,
				0C6AD43F0FD820FC001A95E7 /* manarunner.h */,
			);
			name = Source;
			sourceTree = "<group>";
		};
		0C6AD46A0FD82450001A95E7 /* Framework */ = {
			isa = PBXGroup;
			children = (
				0C6AD4520FD82154001A95E7 /* GLUT.framework */,
				0C6AD4530FD82154001A95E7 /* OpenGL.framework */,
			);
			name = Framework;
			sourceTree = "<group>";
		};
		0C6AD4910FD824E4001A95E7 /* Products */ = {
			isa = PBXGroup;
			children = (
				0C6AD4980FD824E4001A95E7 /* libmana.a */,
			);
			name = Products;
			sourceTree = "<group>";
		};
		1AB674ADFE9D54B511CA2CBB /* Products */ = {
			isa = PBXGroup;
			children = (
				8DD76FB20486AB0100D96B5E /* manarunner */,
			);
			name = Products;
			sourceTree = "<group>";
		};
		C6A0FF2B0290797F04C91782 /* Documentation */ = {
			isa = PBXGroup;
			children = (
			);
			name = Documentation;
			sourceTree = "<group>";
		};
/* End PBXGroup section */

/* Begin PBXNativeTarget section */
		8DD76FA90486AB0100D96B5E /* manarunner */ = {
			isa = PBXNativeTarget;
			buildConfigurationList = 1DEB928508733DD80010E9CD /* Build configuration list for PBXNativeTarget "manarunner" */;
			buildPhases = (
				8DD76FAB0486AB0100D96B5E /* Sources */,
				8DD76FAD0486AB0100D96B5E /* Frameworks */,
				8DD76FAF0486AB0100D96B5E /* CopyFiles */,
			);
			buildRules = (
			);
			dependencies = (
				0C6AD49D0FD82547001A95E7 /* PBXTargetDependency */,
			);
			name = manarunner;
			productInstallPath = "$(HOME)/bin";
			productName = manarunner;
			productReference = 8DD76FB20486AB0100D96B5E /* manarunner */;
			productType = "com.apple.product-type.tool";
		};
/* End PBXNativeTarget section */

/* Begin PBXProject section */
		08FB7793FE84155DC02AAC07 /* Project object */ = {
			isa = PBXProject;
			buildConfigurationList = 1DEB928908733DD80010E9CD /* Build configuration list for PBXProject "manarunner" */;
			compatibilityVersion = "Xcode 3.1";
			hasScannedForEncodings = 1;
			mainGroup = 08FB7794FE84155DC02AAC07 /* manarunner */;
			projectDirPath = "";
			projectReferences = (
				{
					ProductGroup = 0C6AD4910FD824E4001A95E7 /* Products */;
					ProjectRef = 0C6AD4900FD824E4001A95E7 /* libmana.xcodeproj */;
				},
			);
			projectRoot = "";
			targets = (
				8DD76FA90486AB0100D96B5E /* manarunner */,
			);
		};
/* End PBXProject section */

/* Begin PBXReferenceProxy section */
		0C6AD4980FD824E4001A95E7 /* libmana.a */ = {
			isa = PBXReferenceProxy;
			fileType = archive.ar;
			path = libmana.a;
			remoteRef = 0C6AD4970FD824E4001A95E7 /* PBXContainerItemProxy */;
			sourceTree = BUILT_PRODUCTS_DIR;
		};
/* End PBXReferenceProxy section */

/* Begin PBXSourcesBuildPhase section */
		8DD76FAB0486AB0100D96B5E /* Sources */ = {
			isa = PBXSourcesBuildPhase;
			buildActionMask = 2147483647;
			files = (
				0C6AD4400FD820FC001A95E7 /* manarunner.cpp in Sources */,
			);
			runOnlyForDeploymentPostprocessing = 0;
		};
/* End PBXSourcesBuildPhase section */

/* Begin PBXTargetDependency section */
		0C6AD49D0FD82547001A95E7 /* PBXTargetDependency */ = {
			isa = PBXTargetDependency;
			name = mana;
			targetProxy = 0C6AD49C0FD82547001A95E7 /* PBXContainerItemProxy */;
		};
/* End PBXTargetDependency section */

/* Begin XCBuildConfiguration section */
		1DEB928608733DD80010E9CD /* Debug */ = {
			isa = XCBuildConfiguration;
			buildSettings = {
				ALWAYS_SEARCH_USER_PATHS = NO;
				COPY_PHASE_STRIP = NO;
				GCC_DYNAMIC_NO_PIC = NO;
				GCC_ENABLE_FIX_AND_CONTINUE = YES;
				GCC_MODEL_TUNING = G5;
				GCC_OPTIMIZATION_LEVEL = 0;
				INSTALL_PATH = /usr/local/bin;
				PRODUCT_NAME = manarunner;
			};
			name = Debug;
		};
		1DEB928708733DD80010E9CD /* Release */ = {
			isa = XCBuildConfiguration;
			buildSettings = {
				ALWAYS_SEARCH_USER_PATHS = NO;
				DEBUG_INFORMATION_FORMAT = "dwarf-with-dsym";
				GCC_MODEL_TUNING = G5;
				INSTALL_PATH = /usr/local/bin;
				PRODUCT_NAME = manarunner;
			};
			name = Release;
		};
		1DEB928A08733DD80010E9CD /* Debug */ = {
			isa = XCBuildConfiguration;
			buildSettings = {
				ARCHS = "$(ARCHS_STANDARD_32_BIT)";
				GCC_C_LANGUAGE_STANDARD = c99;
				GCC_OPTIMIZATION_LEVEL = 0;
				GCC_WARN_ABOUT_RETURN_TYPE = YES;
				GCC_WARN_UNUSED_VARIABLE = YES;
				HEADER_SEARCH_PATHS = ../../library/;
				ONLY_ACTIVE_ARCH = YES;
				PREBINDING = NO;
				SDKROOT = macosx10.5;
				USER_HEADER_SEARCH_PATHS = "";
			};
			name = Debug;
		};
		1DEB928B08733DD80010E9CD /* Release */ = {
			isa = XCBuildConfiguration;
			buildSettings = {
				ARCHS = "$(ARCHS_STANDARD_32_BIT)";
				GCC_C_LANGUAGE_STANDARD = c99;
				GCC_WARN_ABOUT_RETURN_TYPE = YES;
				GCC_WARN_UNUSED_VARIABLE = YES;
				HEADER_SEARCH_PATHS = ../../library/;
				PREBINDING = NO;
				SDKROOT = macosx10.5;
			};
			name = Release;
		};
/* End XCBuildConfiguration section */

/* Begin XCConfigurationList section */
		1DEB928508733DD80010E9CD /* Build configuration list for PBXNativeTarget "manarunner" */ = {
			isa = XCConfigurationList;
			buildConfigurations = (
				1DEB928608733DD80010E9CD /* Debug */,
				1DEB928708733DD80010E9CD /* Release */,
			);
			defaultConfigurationIsVisible = 0;
			defaultConfigurationName = Release;
		};
		1DEB928908733DD80010E9CD /* Build configuration list for PBXProject "manarunner" */ = {
			isa = XCConfigurationList;
			buildConfigurations = (
				1DEB928A08733DD80010E9CD /* Debug */,
				1DEB928B08733DD80010E9CD /* Release */,
			);
			defaultConfigurationIsVisible = 0;
			defaultConfigurationName = Release;
		};
/* End XCConfigurationList section */
	};
	rootObject = 08FB7793FE84155DC02AAC07 /* Project object */;
}
